PODS:
  - Capacitor (1.4.0):
    - CapacitorCordova (= 1.4.0)
  - CapacitorCordova (1.4.0)
  - CordovaPlugins (1.4.0):
    - CapacitorCordova
  - CordovaPluginsResources (0.0.105)

DEPENDENCIES:
  - "Capacitor (from `../../node_modules/@capacitor/ios`)"
  - "CapacitorCordova (from `../../node_modules/@capacitor/ios`)"
  - CordovaPlugins (from `../capacitor-cordova-ios-plugins`)
  - CordovaPluginsResources (from `../capacitor-cordova-ios-plugins`)

EXTERNAL SOURCES:
  Capacitor:
    :path: "../../node_modules/@capacitor/ios"
  CapacitorCordova:
    :path: "../../node_modules/@capacitor/ios"
  CordovaPlugins:
    :path: "../capacitor-cordova-ios-plugins"
  CordovaPluginsResources:
    :path: "../capacitor-cordova-ios-plugins"

SPEC CHECKSUMS:
  Capacitor: 6350495e9ab48fd4b32eac386e26e931fabe1484
  CapacitorCordova: 989ede3085151a4ee2af7e7584f760dca10e592a
  CordovaPlugins: fa211a15cb1433dfe43a7c8fd525a2e81424c13d
  CordovaPluginsResources: 83a99c2e0c802a4d8f9c424879e6692629089500

PODFILE CHECKSUM: d4601a3ad458847b81499042d4db44bdf84e90d9

COCOAPODS: 1.5.3
